{
  "lockfileVersion": 1,
  "configVersion": 0,
  "workspaces": {
    "": {
      "name": "hcb-donor-graph",
      "dependencies": {
        "hono": "^4.7.9",
        "p-limit": "^6.2.0",
        "react": "^19.1.0",
        "satori": "^0.13.0",
        "sharp": "^0.34.1",
      },
      "devDependencies": {
        "@types/bun": "latest",
        "@types/react": "^19.1.4",
      },
    },
  },
  "packages": {
    "@emnapi/runtime": ["@emnapi/runtime@1.4.3", "", { "dependencies": { "tslib": "^2.4.0" } }, "sha512-pBPWdu6MLKROBX05wSNKcNb++m5Er+KQ9QkB+WVM+pW2Kx9hoSrVTnu3BdkI5eBLZoKu/J6mW/B6i6bJB2ytXQ=="],

    "@img/sharp-darwin-arm64": ["@img/sharp-darwin-arm64@0.34.1", "", { "optionalDependencies": { "@img/sharp-libvips-darwin-arm64": "1.1.0" }, "os": "darwin", "cpu": "arm64" }, "sha512-pn44xgBtgpEbZsu+lWf2KNb6OAf70X68k+yk69Ic2Xz11zHR/w24/U49XT7AeRwJ0Px+mhALhU5LPci1Aymk7A=="],

    "@img/sharp-darwin-x64": ["@img/sharp-darwin-x64@0.34.1", "", { "optionalDependencies": { "@img/sharp-libvips-darwin-x64": "1.1.0" }, "os": "darwin", "cpu": "x64" }, "sha512-VfuYgG2r8BpYiOUN+BfYeFo69nP/MIwAtSJ7/Zpxc5QF3KS22z8Pvg3FkrSFJBPNQ7mmcUcYQFBmEQp7eu1F8Q=="],

    "@img/sharp-libvips-darwin-arm64": ["@img/sharp-libvips-darwin-arm64@1.1.0", "", { "os": "darwin", "cpu": "arm64" }, "sha512-HZ/JUmPwrJSoM4DIQPv/BfNh9yrOA8tlBbqbLz4JZ5uew2+o22Ik+tHQJcih7QJuSa0zo5coHTfD5J8inqj9DA=="],

    "@img/sharp-libvips-darwin-x64": ["@img/sharp-libvips-darwin-x64@1.1.0", "", { "os": "darwin", "cpu": "x64" }, "sha512-Xzc2ToEmHN+hfvsl9wja0RlnXEgpKNmftriQp6XzY/RaSfwD9th+MSh0WQKzUreLKKINb3afirxW7A0fz2YWuQ=="],

    "@img/sharp-libvips-linux-arm": ["@img/sharp-libvips-linux-arm@1.1.0", "", { "os": "linux", "cpu": "arm" }, "sha512-s8BAd0lwUIvYCJyRdFqvsj+BJIpDBSxs6ivrOPm/R7piTs5UIwY5OjXrP2bqXC9/moGsyRa37eYWYCOGVXxVrA=="],

    "@img/sharp-libvips-linux-arm64": ["@img/sharp-libvips-linux-arm64@1.1.0", "", { "os": "linux", "cpu": "arm64" }, "sha512-IVfGJa7gjChDET1dK9SekxFFdflarnUB8PwW8aGwEoF3oAsSDuNUTYS+SKDOyOJxQyDC1aPFMuRYLoDInyV9Ew=="],

    "@img/sharp-libvips-linux-ppc64": ["@img/sharp-libvips-linux-ppc64@1.1.0", "", { "os": "linux", "cpu": "ppc64" }, "sha512-tiXxFZFbhnkWE2LA8oQj7KYR+bWBkiV2nilRldT7bqoEZ4HiDOcePr9wVDAZPi/Id5fT1oY9iGnDq20cwUz8lQ=="],

    "@img/sharp-libvips-linux-s390x": ["@img/sharp-libvips-linux-s390x@1.1.0", "", { "os": "linux", "cpu": "s390x" }, "sha512-xukSwvhguw7COyzvmjydRb3x/09+21HykyapcZchiCUkTThEQEOMtBj9UhkaBRLuBrgLFzQ2wbxdeCCJW/jgJA=="],

    "@img/sharp-libvips-linux-x64": ["@img/sharp-libvips-linux-x64@1.1.0", "", { "os": "linux", "cpu": "x64" }, "sha512-yRj2+reB8iMg9W5sULM3S74jVS7zqSzHG3Ol/twnAAkAhnGQnpjj6e4ayUz7V+FpKypwgs82xbRdYtchTTUB+Q=="],

    "@img/sharp-libvips-linuxmusl-arm64": ["@img/sharp-libvips-linuxmusl-arm64@1.1.0", "", { "os": "linux", "cpu": "arm64" }, "sha512-jYZdG+whg0MDK+q2COKbYidaqW/WTz0cc1E+tMAusiDygrM4ypmSCjOJPmFTvHHJ8j/6cAGyeDWZOsK06tP33w=="],

    "@img/sharp-libvips-linuxmusl-x64": ["@img/sharp-libvips-linuxmusl-x64@1.1.0", "", { "os": "linux", "cpu": "x64" }, "sha512-wK7SBdwrAiycjXdkPnGCPLjYb9lD4l6Ze2gSdAGVZrEL05AOUJESWU2lhlC+Ffn5/G+VKuSm6zzbQSzFX/P65A=="],

    "@img/sharp-linux-arm": ["@img/sharp-linux-arm@0.34.1", "", { "optionalDependencies": { "@img/sharp-libvips-linux-arm": "1.1.0" }, "os": "linux", "cpu": "arm" }, "sha512-anKiszvACti2sGy9CirTlNyk7BjjZPiML1jt2ZkTdcvpLU1YH6CXwRAZCA2UmRXnhiIftXQ7+Oh62Ji25W72jA=="],

    "@img/sharp-linux-arm64": ["@img/sharp-linux-arm64@0.34.1", "", { "optionalDependencies": { "@img/sharp-libvips-linux-arm64": "1.1.0" }, "os": "linux", "cpu": "arm64" }, "sha512-kX2c+vbvaXC6vly1RDf/IWNXxrlxLNpBVWkdpRq5Ka7OOKj6nr66etKy2IENf6FtOgklkg9ZdGpEu9kwdlcwOQ=="],

    "@img/sharp-linux-s390x": ["@img/sharp-linux-s390x@0.34.1", "", { "optionalDependencies": { "@img/sharp-libvips-linux-s390x": "1.1.0" }, "os": "linux", "cpu": "s390x" }, "sha512-7s0KX2tI9mZI2buRipKIw2X1ufdTeaRgwmRabt5bi9chYfhur+/C1OXg3TKg/eag1W+6CCWLVmSauV1owmRPxA=="],

    "@img/sharp-linux-x64": ["@img/sharp-linux-x64@0.34.1", "", { "optionalDependencies": { "@img/sharp-libvips-linux-x64": "1.1.0" }, "os": "linux", "cpu": "x64" }, "sha512-wExv7SH9nmoBW3Wr2gvQopX1k8q2g5V5Iag8Zk6AVENsjwd+3adjwxtp3Dcu2QhOXr8W9NusBU6XcQUohBZ5MA=="],

    "@img/sharp-linuxmusl-arm64": ["@img/sharp-linuxmusl-arm64@0.34.1", "", { "optionalDependencies": { "@img/sharp-libvips-linuxmusl-arm64": "1.1.0" }, "os": "linux", "cpu": "arm64" }, "sha512-DfvyxzHxw4WGdPiTF0SOHnm11Xv4aQexvqhRDAoD00MzHekAj9a/jADXeXYCDFH/DzYruwHbXU7uz+H+nWmSOQ=="],

    "@img/sharp-linuxmusl-x64": ["@img/sharp-linuxmusl-x64@0.34.1", "", { "optionalDependencies": { "@img/sharp-libvips-linuxmusl-x64": "1.1.0" }, "os": "linux", "cpu": "x64" }, "sha512-pax/kTR407vNb9qaSIiWVnQplPcGU8LRIJpDT5o8PdAx5aAA7AS3X9PS8Isw1/WfqgQorPotjrZL3Pqh6C5EBg=="],

    "@img/sharp-wasm32": ["@img/sharp-wasm32@0.34.1", "", { "dependencies": { "@emnapi/runtime": "^1.4.0" }, "cpu": "none" }, "sha512-YDybQnYrLQfEpzGOQe7OKcyLUCML4YOXl428gOOzBgN6Gw0rv8dpsJ7PqTHxBnXnwXr8S1mYFSLSa727tpz0xg=="],

    "@img/sharp-win32-ia32": ["@img/sharp-win32-ia32@0.34.1", "", { "os": "win32", "cpu": "ia32" }, "sha512-WKf/NAZITnonBf3U1LfdjoMgNO5JYRSlhovhRhMxXVdvWYveM4kM3L8m35onYIdh75cOMCo1BexgVQcCDzyoWw=="],

    "@img/sharp-win32-x64": ["@img/sharp-win32-x64@0.34.1", "", { "os": "win32", "cpu": "x64" }, "sha512-hw1iIAHpNE8q3uMIRCgGOeDoz9KtFNarFLQclLxr/LK1VBkj8nby18RjFvr6aP7USRYAjTZW6yisnBWMX571Tw=="],

    "@shuding/opentype.js": ["@shuding/opentype.js@1.4.0-beta.0", "", { "dependencies": { "fflate": "^0.7.3", "string.prototype.codepointat": "^0.2.1" }, "bin": { "ot": "bin/ot" } }, "sha512-3NgmNyH3l/Hv6EvsWJbsvpcpUba6R8IREQ83nH83cyakCw7uM1arZKNfHwv1Wz6jgqrF/j4x5ELvR6PnK9nTcA=="],

    "@types/bun": ["@types/bun@1.2.13", "", { "dependencies": { "bun-types": "1.2.13" } }, "sha512-u6vXep/i9VBxoJl3GjZsl/BFIsvML8DfVDO0RYLEwtSZSp981kEO1V5NwRcO1CPJ7AmvpbnDCiMKo3JvbDEjAg=="],

    "@types/node": ["@types/node@22.15.17", "", { "dependencies": { "undici-types": "~6.21.0" } }, "sha512-wIX2aSZL5FE+MR0JlvF87BNVrtFWf6AE6rxSE9X7OwnVvoyCQjpzSRJ+M87se/4QCkCiebQAqrJ0y6fwIyi7nw=="],

    "@types/react": ["@types/react@19.1.4", "", { "dependencies": { "csstype": "^3.0.2" } }, "sha512-EB1yiiYdvySuIITtD5lhW4yPyJ31RkJkkDw794LaQYrxCSaQV/47y5o1FMC4zF9ZyjUjzJMZwbovEnT5yHTW6g=="],

    "base64-js": ["base64-js@0.0.8", "", {}, "sha512-3XSA2cR/h/73EzlXXdU6YNycmYI7+kicTxks4eJg2g39biHR84slg2+des+p7iHYhbRg/udIS4TD53WabcOUkw=="],

    "bun-types": ["bun-types@1.2.13", "", { "dependencies": { "@types/node": "*" } }, "sha512-rRjA1T6n7wto4gxhAO/ErZEtOXyEZEmnIHQfl0Dt1QQSB4QV0iP6BZ9/YB5fZaHFQ2dwHFrmPaRQ9GGMX01k9Q=="],

    "camelize": ["camelize@1.0.1", "", {}, "sha512-dU+Tx2fsypxTgtLoE36npi3UqcjSSMNYfkqgmoEhtZrraP5VWq0K7FkWVTYa8eMPtnU/G2txVsfdCJTn9uzpuQ=="],

    "color": ["color@4.2.3", "", { "dependencies": { "color-convert": "^2.0.1", "color-string": "^1.9.0" } }, "sha512-1rXeuUUiGGrykh+CeBdu5Ie7OJwinCgQY0bc7GCRxy5xVHy+moaqkpL/jqQq0MtQOeYcrqEz4abc5f0KtU7W4A=="],

    "color-convert": ["color-convert@2.0.1", "", { "dependencies": { "color-name": "~1.1.4" } }, "sha512-RRECPsj7iu/xb5oKYcsFHSppFNnsj/52OVTRKb4zP5onXwVF3zVmmToNcOfGC+CRDpfK/U584fMg38ZHCaElKQ=="],

    "color-name": ["color-name@1.1.4", "", {}, "sha512-dOy+3AuW3a2wNbZHIuMZpTcgjGuLU/uBL/ubcZF9OXbDo8ff4O8yVp5Bf0efS8uEoYo5q4Fx7dY9OgQGXgAsQA=="],

    "color-string": ["color-string@1.9.1", "", { "dependencies": { "color-name": "^1.0.0", "simple-swizzle": "^0.2.2" } }, "sha512-shrVawQFojnZv6xM40anx4CkoDP+fZsw/ZerEMsW/pyzsRbElpsL/DBVW7q3ExxwusdNXI3lXpuhEZkzs8p5Eg=="],

    "css-background-parser": ["css-background-parser@0.1.0", "", {}, "sha512-2EZLisiZQ+7m4wwur/qiYJRniHX4K5Tc9w93MT3AS0WS1u5kaZ4FKXlOTBhOjc+CgEgPiGY+fX1yWD8UwpEqUA=="],

    "css-box-shadow": ["css-box-shadow@1.0.0-3", "", {}, "sha512-9jaqR6e7Ohds+aWwmhe6wILJ99xYQbfmK9QQB9CcMjDbTxPZjwEmUQpU91OG05Xgm8BahT5fW+svbsQGjS/zPg=="],

    "css-color-keywords": ["css-color-keywords@1.0.0", "", {}, "sha512-FyyrDHZKEjXDpNJYvVsV960FiqQyXc/LlYmsxl2BcdMb2WPx0OGRVgTg55rPSyLSNMqP52R9r8geSp7apN3Ofg=="],

    "css-gradient-parser": ["css-gradient-parser@0.0.16", "", {}, "sha512-3O5QdqgFRUbXvK1x5INf1YkBz1UKSWqrd63vWsum8MNHDBYD5urm3QtxZbKU259OrEXNM26lP/MPY3d1IGkBgA=="],

    "css-to-react-native": ["css-to-react-native@3.2.0", "", { "dependencies": { "camelize": "^1.0.0", "css-color-keywords": "^1.0.0", "postcss-value-parser": "^4.0.2" } }, "sha512-e8RKaLXMOFii+02mOlqwjbD00KSEKqblnpO9e++1aXS1fPQOpS1YoqdVHBqPjHNoxeF2mimzVqawm2KCbEdtHQ=="],

    "csstype": ["csstype@3.1.3", "", {}, "sha512-M1uQkMl8rQK/szD0LNhtqxIPLpimGm8sOBwU7lLnCpSbTyY3yeU1Vc7l4KT5zT4s/yOxHH5O7tIuuLOCnLADRw=="],

    "detect-libc": ["detect-libc@2.0.4", "", {}, "sha512-3UDv+G9CsCKO1WKMGw9fwq/SWJYbI0c5Y7LU1AXYoDdbhE2AHQ6N6Nb34sG8Fj7T5APy8qXDCKuuIHd1BR0tVA=="],

    "emoji-regex-xs": ["emoji-regex-xs@2.0.1", "", {}, "sha512-1QFuh8l7LqUcKe24LsPUNzjrzJQ7pgRwp1QMcZ5MX6mFplk2zQ08NVCM84++1cveaUUYtcCYHmeFEuNg16sU4g=="],

    "escape-html": ["escape-html@1.0.3", "", {}, "sha512-NiSupZ4OeuGwr68lGIeym/ksIZMJodUGOSCZ/FSnTxcrekbvqrgdUxlJOMpijaKZVjAJrWrGs/6Jy8OMuyj9ow=="],

    "fflate": ["fflate@0.7.4", "", {}, "sha512-5u2V/CDW15QM1XbbgS+0DfPxVB+jUKhWEKuuFuHncbk3tEEqzmoXL+2KyOFuKGqOnmdIy0/davWF1CkuwtibCw=="],

    "hex-rgb": ["hex-rgb@4.3.0", "", {}, "sha512-Ox1pJVrDCyGHMG9CFg1tmrRUMRPRsAWYc/PinY0XzJU4K7y7vjNoLKIQ7BR5UJMCxNN8EM1MNDmHWA/B3aZUuw=="],

    "hono": ["hono@4.7.9", "", {}, "sha512-/EsCoR5h7N4yu01TDu9GMCCJa6ZLk5ZJIWFFGNawAXmd1Tp53+Wir4xm0D2X19bbykWUlzQG0+BvPAji6p9E8Q=="],

    "is-arrayish": ["is-arrayish@0.3.2", "", {}, "sha512-eVRqCvVlZbuw3GrM63ovNSNAeA1K16kaR/LRY/92w0zxQ5/1YzwblUX652i4Xs9RwAGjW9d9y6X88t8OaAJfWQ=="],

    "linebreak": ["linebreak@1.1.0", "", { "dependencies": { "base64-js": "0.0.8", "unicode-trie": "^2.0.0" } }, "sha512-MHp03UImeVhB7XZtjd0E4n6+3xr5Dq/9xI/5FptGk5FrbDR3zagPa2DS6U8ks/3HjbKWG9Q1M2ufOzxV2qLYSQ=="],

    "p-limit": ["p-limit@6.2.0", "", { "dependencies": { "yocto-queue": "^1.1.1" } }, "sha512-kuUqqHNUqoIWp/c467RI4X6mmyuojY5jGutNU0wVTmEOOfcuwLqyMVoAi9MKi2Ak+5i9+nhmrK4ufZE8069kHA=="],

    "pako": ["pako@0.2.9", "", {}, "sha512-NUcwaKxUxWrZLpDG+z/xZaCgQITkA/Dv4V/T6bw7VON6l1Xz/VnrBqrYjZQ12TamKHzITTfOEIYUj48y2KXImA=="],

    "parse-css-color": ["parse-css-color@0.2.1", "", { "dependencies": { "color-name": "^1.1.4", "hex-rgb": "^4.1.0" } }, "sha512-bwS/GGIFV3b6KS4uwpzCFj4w297Yl3uqnSgIPsoQkx7GMLROXfMnWvxfNkL0oh8HVhZA4hvJoEoEIqonfJ3BWg=="],

    "postcss-value-parser": ["postcss-value-parser@4.2.0", "", {}, "sha512-1NNCs6uurfkVbeXG4S8JFT9t19m45ICnif8zWLd5oPSZ50QnwMfK+H3jv408d4jw/7Bttv5axS5IiHoLaVNHeQ=="],

    "react": ["react@19.1.0", "", {}, "sha512-FS+XFBNvn3GTAWq26joslQgWNoFu08F4kl0J4CgdNKADkdSGXQyTCnKteIAJy96Br6YbpEU1LSzV5dYtjMkMDg=="],

    "satori": ["satori@0.13.0", "", { "dependencies": { "@shuding/opentype.js": "1.4.0-beta.0", "css-background-parser": "^0.1.0", "css-box-shadow": "1.0.0-3", "css-gradient-parser": "^0.0.16", "css-to-react-native": "^3.0.0", "emoji-regex-xs": "^2.0.1", "escape-html": "^1.0.3", "linebreak": "^1.1.0", "parse-css-color": "^0.2.1", "postcss-value-parser": "^4.2.0", "yoga-wasm-web": "^0.3.3" } }, "sha512-SXiHLSkkjMz9UhO08u4cazhPoPsHgqbieMkYXbE8D1j380c/HoUG7SDxp4V4kQhsvhsfw3W/DROYTNwvQ08GcQ=="],

    "semver": ["semver@7.7.2", "", { "bin": { "semver": "bin/semver.js" } }, "sha512-RF0Fw+rO5AMf9MAyaRXI4AV0Ulj5lMHqVxxdSgiVbixSCXoEmmX/jk0CuJw4+3SqroYO9VoUh+HcuJivvtJemA=="],

    "sharp": ["sharp@0.34.1", "", { "dependencies": { "color": "^4.2.3", "detect-libc": "^2.0.3", "semver": "^7.7.1" }, "optionalDependencies": { "@img/sharp-darwin-arm64": "0.34.1", "@img/sharp-darwin-x64": "0.34.1", "@img/sharp-libvips-darwin-arm64": "1.1.0", "@img/sharp-libvips-darwin-x64": "1.1.0", "@img/sharp-libvips-linux-arm": "1.1.0", "@img/sharp-libvips-linux-arm64": "1.1.0", "@img/sharp-libvips-linux-ppc64": "1.1.0", "@img/sharp-libvips-linux-s390x": "1.1.0", "@img/sharp-libvips-linux-x64": "1.1.0", "@img/sharp-libvips-linuxmusl-arm64": "1.1.0", "@img/sharp-libvips-linuxmusl-x64": "1.1.0", "@img/sharp-linux-arm": "0.34.1", "@img/sharp-linux-arm64": "0.34.1", "@img/sharp-linux-s390x": "0.34.1", "@img/sharp-linux-x64": "0.34.1", "@img/sharp-linuxmusl-arm64": "0.34.1", "@img/sharp-linuxmusl-x64": "0.34.1", "@img/sharp-wasm32": "0.34.1", "@img/sharp-win32-ia32": "0.34.1", "@img/sharp-win32-x64": "0.34.1" } }, "sha512-1j0w61+eVxu7DawFJtnfYcvSv6qPFvfTaqzTQ2BLknVhHTwGS8sc63ZBF4rzkWMBVKybo4S5OBtDdZahh2A1xg=="],

    "simple-swizzle": ["simple-swizzle@0.2.2", "", { "dependencies": { "is-arrayish": "^0.3.1" } }, "sha512-JA//kQgZtbuY83m+xT+tXJkmJncGMTFT+C+g2h2R9uxkYIrE2yy9sgmcLhCnw57/WSD+Eh3J97FPEDFnbXnDUg=="],

    "string.prototype.codepointat": ["string.prototype.codepointat@0.2.1", "", {}, "sha512-2cBVCj6I4IOvEnjgO/hWqXjqBGsY+zwPmHl12Srk9IXSZ56Jwwmy+66XO5Iut/oQVR7t5ihYdLB0GMa4alEUcg=="],

    "tiny-inflate": ["tiny-inflate@1.0.3", "", {}, "sha512-pkY1fj1cKHb2seWDy0B16HeWyczlJA9/WW3u3c4z/NiWDsO3DOU5D7nhTLE9CF0yXv/QZFY7sEJmj24dK+Rrqw=="],

    "tslib": ["tslib@2.8.1", "", {}, "sha512-oJFu94HQb+KVduSUQL7wnpmqnfmLsOA/nAh6b6EH0wCEoK0/mPeXU6c3wKDV83MkOuHPRHtSXKKU99IBazS/2w=="],

    "undici-types": ["undici-types@6.21.0", "", {}, "sha512-iwDZqg0QAGrg9Rav5H4n0M64c3mkR59cJ6wQp+7C4nI0gsmExaedaYLNO44eT4AtBBwjbTiGPMlt2Md0T9H9JQ=="],

    "unicode-trie": ["unicode-trie@2.0.0", "", { "dependencies": { "pako": "^0.2.5", "tiny-inflate": "^1.0.0" } }, "sha512-x7bc76x0bm4prf1VLg79uhAzKw8DVboClSN5VxJuQ+LKDOVEW9CdH+VY7SP+vX7xCYQqzzgQpFqz15zeLvAtZQ=="],

    "yocto-queue": ["yocto-queue@1.2.1", "", {}, "sha512-AyeEbWOu/TAXdxlV9wmGcR0+yh2j3vYPGOECcIj2S7MkrLyC7ne+oye2BKTItt0ii2PHk4cDy+95+LshzbXnGg=="],

    "yoga-wasm-web": ["yoga-wasm-web@0.3.3", "", {}, "sha512-N+d4UJSJbt/R3wqY7Coqs5pcV0aUj2j9IaQ3rNj9bVCLld8tTGKRa2USARjnvZJWVx1NDmQev8EknoczaOQDOA=="],
  }
}
